
Microsoft Visual Studio Solution File, Format Version 12.00
# Visual Studio Version 16
VisualStudioVersion = 16.0.31729.503
MinimumVisualStudioVersion = 10.0.40219.1
Project("{FAE04EC0-301F-11D3-BF4B-00C04F79EFBC}") = "ConsoleProject", "ConsoleProject\ConsoleProject.csproj", "{1F965206-97FB-4B26-9DD3-B0900D22AC6D}"
EndProject
Global
	GlobalSection(SolutionConfigurationPlatforms) = preSolution
		Debug|Any CPU = Debug|Any CPU
		Release|Any CPU = Release|Any CPU
	EndGlobalSection
	GlobalSection(ProjectConfigurationPlatforms) = postSolution
		{1F965206-97FB-4B26-9DD3-B0900D22AC6D}.Debug|Any CPU.ActiveCfg = Debug|Any CPU
		{1F965206-97FB-4B26-9DD3-B0900D22AC6D}.Debug|Any CPU.Build.0 = Debug|Any CPU
		{1F965206-97FB-4B26-9DD3-B0900D22AC6D}.Release|Any CPU.ActiveCfg = Release|Any CPU
		{1F965206-97FB-4B26-9DD3-B0900D22AC6D}.Release|Any CPU.Build.0 = Release|Any CPU
	EndGlobalSection
	GlobalSection(SolutionProperties) = preSolution
		HideSolutionNode = FALSE
	EndGlobalSection
	GlobalSection(ExtensibilityGlobals) = postSolution
		SolutionGuid = {E05D91BE-3AAC-490D-B346-77708218AE24}
	EndGlobalSection
EndGlobal
